{
  "name": "github-action-lambda",
  "version": "1.0.0",
  "lockfileVersion": 2,
  "requires": true,
  "packages": {
    "": {
      "name": "github-action-lambda",
      "version": "1.0.0",
      "license": "ISC",
      "dependencies": {
        "lodash": "^4.17.20",
        "typescript": "^4.1.3"
      },
      "devDependencies": {
        "@types/aws-lambda": "^8.10.71",
        "@types/lodash": "^4.14.168",
        "@types/node": "^14.14.22",
        "@vercel/ncc": "^0.27.0"
      }
    },
    "node_modules/@types/aws-lambda": {
      "version": "8.10.115",
      "resolved": "https://registry.npmjs.org/@types/aws-lambda/-/aws-lambda-8.10.115.tgz",
      "integrity": "sha512-kCZuFXKLV3y8NjSoaD5+qKTpRWvPz3uh3W/u1uwlw3Mg+MtaStg1NWgjAwUXo/VJDb6n6KF1ljykFNlNwEJ53Q==",
      "dev": true
    },
    "node_modules/@types/lodash": {
      "version": "4.14.195",
      "resolved": "https://registry.npmjs.org/@types/lodash/-/lodash-4.14.195.tgz",
      "integrity": "sha512-Hwx9EUgdwf2GLarOjQp5ZH8ZmblzcbTBC2wtQWNKARBSxM9ezRIAUpeDTgoQRAFB0+8CNWXVA9+MaSOzOF3nPg==",
      "dev": true
    },
    "node_modules/@types/node": {
      "version": "14.18.48",
      "resolved": "https://registry.npmjs.org/@types/node/-/node-14.18.48.tgz",
      "integrity": "sha512-iL0PIMwejpmuVHgfibHpfDwOdsbmB50wr21X71VnF5d7SsBF7WK+ZvP/SCcFm7Iwb9iiYSap9rlrdhToNAWdxg==",
      "dev": true
    },
    "node_modules/@vercel/ncc": {
      "version": "0.27.0",
      "resolved": "https://registry.npmjs.org/@vercel/ncc/-/ncc-0.27.0.tgz",
      "integrity": "sha512-DllIJQapnU2YwewIhh/4dYesmMQw3h2cFtabECc/zSJHqUbNa0eJuEkRa6DXbZvh1YPWBtYQoPV17NlDpBw1Vw==",
      "dev": true,
      "bin": {
        "ncc": "dist/ncc/cli.js"
      }
    },
    "node_modules/lodash": {
      "version": "4.17.21",
      "resolved": "https://registry.npmjs.org/lodash/-/lodash-4.17.21.tgz",
      "integrity": "sha512-v2kDEe57lecTulaDIuNTPy3Ry4gLGJ6Z1O3vE1krgXZNrsQ+LFTGHVxVjcXPs17LhbZVGedAJv8XZ1tvj5FvSg=="
    },
    "node_modules/typescript": {
      "version": "4.9.5",
      "resolved": "https://registry.npmjs.org/typescript/-/typescript-4.9.5.tgz",
      "integrity": "sha512-1FXk9E2Hm+QzZQ7z+McJiHL4NW1F2EzMu9Nq9i3zAaGqibafqYwCVU6WyWAuyQRRzOlxou8xZSyXLEN8oKj24g==",
      "bin": {
        "tsc": "bin/tsc",
        "tsserver": "bin/tsserver"
      },
      "engines": {
        "node": ">=4.2.0"
      }
    }
  },
  "dependencies": {
    "@types/aws-lambda": {
      "version": "8.10.115",
      "resolved": "https://registry.npmjs.org/@types/aws-lambda/-/aws-lambda-8.10.115.tgz",
      "integrity": "sha512-kCZuFXKLV3y8NjSoaD5+qKTpRWvPz3uh3W/u1uwlw3Mg+MtaStg1NWgjAwUXo/VJDb6n6KF1ljykFNlNwEJ53Q==",
      "dev": true
    },
    "@types/lodash": {
      "version": "4.14.195",
      "resolved": "https://registry.npmjs.org/@types/lodash/-/lodash-4.14.195.tgz",
      "integrity": "sha512-Hwx9EUgdwf2GLarOjQp5ZH8ZmblzcbTBC2wtQWNKARBSxM9ezRIAUpeDTgoQRAFB0+8CNWXVA9+MaSOzOF3nPg==",
      "dev": true
    },
    "@types/node": {
      "version": "14.18.48",
      "resolved": "https://registry.npmjs.org/@types/node/-/node-14.18.48.tgz",
      "integrity": "sha512-iL0PIMwejpmuVHgfibHpfDwOdsbmB50wr21X71VnF5d7SsBF7WK+ZvP/SCcFm7Iwb9iiYSap9rlrdhToNAWdxg==",
      "dev": true
    },
    "@vercel/ncc": {
      "version": "0.27.0",
      "resolved": "https://registry.npmjs.org/@vercel/ncc/-/ncc-0.27.0.tgz",
      "integrity": "sha512-DllIJQapnU2YwewIhh/4dYesmMQw3h2cFtabECc/zSJHqUbNa0eJuEkRa6DXbZvh1YPWBtYQoPV17NlDpBw1Vw==",
      "dev": true
    },
    "lodash": {
      "version": "4.17.21",
      "resolved": "https://registry.npmjs.org/lodash/-/lodash-4.17.21.tgz",
      "integrity": "sha512-v2kDEe57lecTulaDIuNTPy3Ry4gLGJ6Z1O3vE1krgXZNrsQ+LFTGHVxVjcXPs17LhbZVGedAJv8XZ1tvj5FvSg=="
    },
    "typescript": {
      "version": "4.9.5",
      "resolved": "https://registry.npmjs.org/typescript/-/typescript-4.9.5.tgz",
      "integrity": "sha512-1FXk9E2Hm+QzZQ7z+McJiHL4NW1F2EzMu9Nq9i3zAaGqibafqYwCVU6WyWAuyQRRzOlxou8xZSyXLEN8oKj24g=="
    }
  }
}
